
Microsoft Visual Studio Solution File, Format Version 12.00
# Visual Studio Version 17
VisualStudioVersion = 17.0.32126.317
MinimumVisualStudioVersion = 10.0.40219.1
Project("{FAE04EC0-301F-11D3-BF4B-00C04F79EFBC}") = "DelegatingHandlerProblem", "DelegatingHandlerProblem\DelegatingHandlerProblem.csproj", "{EBDA3737-16EB-4EF4-806C-73A34B844BBB}"
EndProject
Global
	GlobalSection(SolutionConfigurationPlatforms) = preSolution
		Debug|Any CPU = Debug|Any CPU
		Release|Any CPU = Release|Any CPU
	EndGlobalSection
	GlobalSection(ProjectConfigurationPlatforms) = postSolution
		{EBDA3737-16EB-4EF4-806C-73A34B844BBB}.Debug|Any CPU.ActiveCfg = Debug|Any CPU
		{EBDA3737-16EB-4EF4-806C-73A34B844BBB}.Debug|Any CPU.Build.0 = Debug|Any CPU
		{EBDA3737-16EB-4EF4-806C-73A34B844BBB}.Release|Any CPU.ActiveCfg = Release|Any CPU
		{EBDA3737-16EB-4EF4-806C-73A34B844BBB}.Release|Any CPU.Build.0 = Release|Any CPU
	EndGlobalSection
	GlobalSection(SolutionProperties) = preSolution
		HideSolutionNode = FALSE
	EndGlobalSection
	GlobalSection(ExtensibilityGlobals) = postSolution
		SolutionGuid = {A547E902-D2B6-4B05-B34D-901D76333D26}
	EndGlobalSection
EndGlobal
